
Microsoft Visual Studio Solution File, Format Version 12.00
# Visual Studio 2012
Project("{FAE04EC0-301F-11D3-BF4B-00C04F79EFBC}") = "02.ReversingString", "02.ReversingString\02.ReversingString.csproj", "{BCBF4D59-16C5-48B1-A27C-6B95C2597D3A}"
EndProject
Project("{FAE04EC0-301F-11D3-BF4B-00C04F79EFBC}") = "03.CorrectBrackets", "03.CorrectBrackets\03.CorrectBrackets.csproj", "{703DBC8C-03E9-4F6B-84CB-14FFF3185B1B}"
EndProject
Project("{FAE04EC0-301F-11D3-BF4B-00C04F79EFBC}") = "04.SubstringSearching", "04.SubstringSearching\04.SubstringSearching.csproj", "{23CD8F48-84B3-4D72-980F-961CBD78C7C0}"
EndProject
Project("{FAE04EC0-301F-11D3-BF4B-00C04F79EFBC}") = "05.UpcaseExpression", "05.UpcaseExpression\05.UpcaseExpression.csproj", "{B2226F92-0277-4BFB-BEDE-235EC2BC4CA9}"
EndProject
Project("{FAE04EC0-301F-11D3-BF4B-00C04F79EFBC}") = "06.TwentyCharactersString", "06.TwentyCharactersString\06.TwentyCharactersString.csproj", "{9693508A-6653-446C-9BF7-4DD960538D71}"
EndProject
Project("{FAE04EC0-301F-11D3-BF4B-00C04F79EFBC}") = "07.Cipher", "07.Cipher\07.Cipher.csproj", "{1E9FF7FA-21E2-4F39-844B-93BBDDFB3F89}"
EndProject
Project("{FAE04EC0-301F-11D3-BF4B-00C04F79EFBC}") = "08.SubstringSentences", "08.SubstringSentences\08.SubstringSentences.csproj", "{FBA3893C-C46F-43F9-8BDF-2618841504FF}"
EndProject
Project("{FAE04EC0-301F-11D3-BF4B-00C04F79EFBC}") = "09.ForbiddenWords", "09.ForbiddenWords\09.ForbiddenWords.csproj", "{7F3EC371-ECD2-417F-8B6D-C65042EF31DE}"
EndProject
Project("{FAE04EC0-301F-11D3-BF4B-00C04F79EFBC}") = "10.HexademicalConversion", "10.HexademicalConversion\10.HexademicalConversion.csproj", "{7946C709-312D-4DBB-8945-2D75AFC38D44}"
EndProject
Project("{FAE04EC0-301F-11D3-BF4B-00C04F79EFBC}") = "11.ConvertingNumbers", "11.ConvertingNumbers\11.ConvertingNumbers.csproj", "{CCB6BFD4-AD5D-4598-906E-5001E3AA1172}"
EndProject
Project("{FAE04EC0-301F-11D3-BF4B-00C04F79EFBC}") = "12.ParsingUrlProtocol", "12.ParsingUrlProtocol\12.ParsingUrlProtocol.csproj", "{106311F1-3758-4569-A7F8-14867F1C38B0}"
EndProject
Project("{FAE04EC0-301F-11D3-BF4B-00C04F79EFBC}") = "13.WordOrderReverse", "13.WordOrderReverse\13.WordOrderReverse.csproj", "{953FAB61-FB84-499A-ACAD-EFCD025B97D7}"
EndProject
Project("{FAE04EC0-301F-11D3-BF4B-00C04F79EFBC}") = "14.Dictionary", "14.Dictionary\14.Dictionary.csproj", "{5217026A-CBE5-4677-851B-6D37A5D5118E}"
EndProject
Project("{FAE04EC0-301F-11D3-BF4B-00C04F79EFBC}") = "15.HTMLChanging", "15.HTMLChanging\15.HTMLChanging.csproj", "{24F8AE37-EB69-43F2-8BF9-A55365803A66}"
EndProject
Project("{FAE04EC0-301F-11D3-BF4B-00C04F79EFBC}") = "16.DaysBetweenDates", "16.DaysBetweenDates\16.DaysBetweenDates.csproj", "{90AA150F-33DA-4233-B2BC-61C6EA6D5CA3}"
EndProject
Project("{FAE04EC0-301F-11D3-BF4B-00C04F79EFBC}") = "17.AddingHours", "17.AddingHours\17.AddingHours.csproj", "{F1D3ABA7-FFC0-4818-8776-736F14C422BD}"
EndProject
Project("{FAE04EC0-301F-11D3-BF4B-00C04F79EFBC}") = "18.ExtractingEmail", "18.ExtractingEmail\18.ExtractingEmail.csproj", "{AFD91CC8-F11F-4961-96EC-E8A6E8E5ECFB}"
EndProject
Project("{FAE04EC0-301F-11D3-BF4B-00C04F79EFBC}") = "19.ExtractingDate", "19.ExtractingDate\19.ExtractingDate.csproj", "{15F43733-BC40-4199-AE35-5B84F1162407}"
EndProject
Project("{FAE04EC0-301F-11D3-BF4B-00C04F79EFBC}") = "20.Palindromes", "20.Palindroms\20.Palindromes.csproj", "{29BAF820-5875-4CEE-A6F3-1BA034688CD8}"
EndProject
Project("{FAE04EC0-301F-11D3-BF4B-00C04F79EFBC}") = "21.CountingLetters", "21.CountingLetters\21.CountingLetters.csproj", "{CA75593C-E2EC-4C53-B590-2A9FA9E205BC}"
EndProject
Project("{FAE04EC0-301F-11D3-BF4B-00C04F79EFBC}") = "22.CountingWords", "22.CountingWords\22.CountingWords.csproj", "{D63DA369-587E-44BC-B54D-9E43A2DAD3A6}"
EndProject
Project("{FAE04EC0-301F-11D3-BF4B-00C04F79EFBC}") = "23.RepeatingLetters", "23.RepeatingLetters\23.RepeatingLetters.csproj", "{5ED01990-30A0-4F9E-BAFD-F17633AAF384}"
EndProject
Project("{FAE04EC0-301F-11D3-BF4B-00C04F79EFBC}") = "24.SortingWords", "24.SortingWords\24.SortingWords.csproj", "{8FB4ADA8-ACAA-4617-84A3-BC3E13818E53}"
EndProject
Project("{FAE04EC0-301F-11D3-BF4B-00C04F79EFBC}") = "25.HTMLExtracting", "25.HTMLExtracting\25.HTMLExtracting.csproj", "{C377DACE-1711-41D4-9C22-CA8D0213B551}"
EndProject
Global
	GlobalSection(SolutionConfigurationPlatforms) = preSolution
		Debug|Any CPU = Debug|Any CPU
		Release|Any CPU = Release|Any CPU
	EndGlobalSection
	GlobalSection(ProjectConfigurationPlatforms) = postSolution
		{BCBF4D59-16C5-48B1-A27C-6B95C2597D3A}.Debug|Any CPU.ActiveCfg = Debug|Any CPU
		{BCBF4D59-16C5-48B1-A27C-6B95C2597D3A}.Debug|Any CPU.Build.0 = Debug|Any CPU
		{BCBF4D59-16C5-48B1-A27C-6B95C2597D3A}.Release|Any CPU.ActiveCfg = Release|Any CPU
		{BCBF4D59-16C5-48B1-A27C-6B95C2597D3A}.Release|Any CPU.Build.0 = Release|Any CPU
		{703DBC8C-03E9-4F6B-84CB-14FFF3185B1B}.Debug|Any CPU.ActiveCfg = Debug|Any CPU
		{703DBC8C-03E9-4F6B-84CB-14FFF3185B1B}.Debug|Any CPU.Build.0 = Debug|Any CPU
		{703DBC8C-03E9-4F6B-84CB-14FFF3185B1B}.Release|Any CPU.ActiveCfg = Release|Any CPU
		{703DBC8C-03E9-4F6B-84CB-14FFF3185B1B}.Release|Any CPU.Build.0 = Release|Any CPU
		{23CD8F48-84B3-4D72-980F-961CBD78C7C0}.Debug|Any CPU.ActiveCfg = Debug|Any CPU
		{23CD8F48-84B3-4D72-980F-961CBD78C7C0}.Debug|Any CPU.Build.0 = Debug|Any CPU
		{23CD8F48-84B3-4D72-980F-961CBD78C7C0}.Release|Any CPU.ActiveCfg = Release|Any CPU
		{23CD8F48-84B3-4D72-980F-961CBD78C7C0}.Release|Any CPU.Build.0 = Release|Any CPU
		{B2226F92-0277-4BFB-BEDE-235EC2BC4CA9}.Debug|Any CPU.ActiveCfg = Debug|Any CPU
		{B2226F92-0277-4BFB-BEDE-235EC2BC4CA9}.Debug|Any CPU.Build.0 = Debug|Any CPU
		{B2226F92-0277-4BFB-BEDE-235EC2BC4CA9}.Release|Any CPU.ActiveCfg = Release|Any CPU
		{B2226F92-0277-4BFB-BEDE-235EC2BC4CA9}.Release|Any CPU.Build.0 = Release|Any CPU
		{9693508A-6653-446C-9BF7-4DD960538D71}.Debug|Any CPU.ActiveCfg = Debug|Any CPU
		{9693508A-6653-446C-9BF7-4DD960538D71}.Debug|Any CPU.Build.0 = Debug|Any CPU
		{9693508A-6653-446C-9BF7-4DD960538D71}.Release|Any CPU.ActiveCfg = Release|Any CPU
		{9693508A-6653-446C-9BF7-4DD960538D71}.Release|Any CPU.Build.0 = Release|Any CPU
		{1E9FF7FA-21E2-4F39-844B-93BBDDFB3F89}.Debug|Any CPU.ActiveCfg = Debug|Any CPU
		{1E9FF7FA-21E2-4F39-844B-93BBDDFB3F89}.Debug|Any CPU.Build.0 = Debug|Any CPU
		{1E9FF7FA-21E2-4F39-844B-93BBDDFB3F89}.Release|Any CPU.ActiveCfg = Release|Any CPU
		{1E9FF7FA-21E2-4F39-844B-93BBDDFB3F89}.Release|Any CPU.Build.0 = Release|Any CPU
		{FBA3893C-C46F-43F9-8BDF-2618841504FF}.Debug|Any CPU.ActiveCfg = Debug|Any CPU
		{FBA3893C-C46F-43F9-8BDF-2618841504FF}.Debug|Any CPU.Build.0 = Debug|Any CPU
		{FBA3893C-C46F-43F9-8BDF-2618841504FF}.Release|Any CPU.ActiveCfg = Release|Any CPU
		{FBA3893C-C46F-43F9-8BDF-2618841504FF}.Release|Any CPU.Build.0 = Release|Any CPU
		{7F3EC371-ECD2-417F-8B6D-C65042EF31DE}.Debug|Any CPU.ActiveCfg = Debug|Any CPU
		{7F3EC371-ECD2-417F-8B6D-C65042EF31DE}.Debug|Any CPU.Build.0 = Debug|Any CPU
		{7F3EC371-ECD2-417F-8B6D-C65042EF31DE}.Release|Any CPU.ActiveCfg = Release|Any CPU
		{7F3EC371-ECD2-417F-8B6D-C65042EF31DE}.Release|Any CPU.Build.0 = Release|Any CPU
		{7946C709-312D-4DBB-8945-2D75AFC38D44}.Debug|Any CPU.ActiveCfg = Debug|Any CPU
		{7946C709-312D-4DBB-8945-2D75AFC38D44}.Debug|Any CPU.Build.0 = Debug|Any CPU
		{7946C709-312D-4DBB-8945-2D75AFC38D44}.Release|Any CPU.ActiveCfg = Release|Any CPU
		{7946C709-312D-4DBB-8945-2D75AFC38D44}.Release|Any CPU.Build.0 = Release|Any CPU
		{CCB6BFD4-AD5D-4598-906E-5001E3AA1172}.Debug|Any CPU.ActiveCfg = Debug|Any CPU
		{CCB6BFD4-AD5D-4598-906E-5001E3AA1172}.Debug|Any CPU.Build.0 = Debug|Any CPU
		{CCB6BFD4-AD5D-4598-906E-5001E3AA1172}.Release|Any CPU.ActiveCfg = Release|Any CPU
		{CCB6BFD4-AD5D-4598-906E-5001E3AA1172}.Release|Any CPU.Build.0 = Release|Any CPU
		{106311F1-3758-4569-A7F8-14867F1C38B0}.Debug|Any CPU.ActiveCfg = Debug|Any CPU
		{106311F1-3758-4569-A7F8-14867F1C38B0}.Debug|Any CPU.Build.0 = Debug|Any CPU
		{106311F1-3758-4569-A7F8-14867F1C38B0}.Release|Any CPU.ActiveCfg = Release|Any CPU
		{106311F1-3758-4569-A7F8-14867F1C38B0}.Release|Any CPU.Build.0 = Release|Any CPU
		{953FAB61-FB84-499A-ACAD-EFCD025B97D7}.Debug|Any CPU.ActiveCfg = Debug|Any CPU
		{953FAB61-FB84-499A-ACAD-EFCD025B97D7}.Debug|Any CPU.Build.0 = Debug|Any CPU
		{953FAB61-FB84-499A-ACAD-EFCD025B97D7}.Release|Any CPU.ActiveCfg = Release|Any CPU
		{953FAB61-FB84-499A-ACAD-EFCD025B97D7}.Release|Any CPU.Build.0 = Release|Any CPU
		{5217026A-CBE5-4677-851B-6D37A5D5118E}.Debug|Any CPU.ActiveCfg = Debug|Any CPU
		{5217026A-CBE5-4677-851B-6D37A5D5118E}.Debug|Any CPU.Build.0 = Debug|Any CPU
		{5217026A-CBE5-4677-851B-6D37A5D5118E}.Release|Any CPU.ActiveCfg = Release|Any CPU
		{5217026A-CBE5-4677-851B-6D37A5D5118E}.Release|Any CPU.Build.0 = Release|Any CPU
		{24F8AE37-EB69-43F2-8BF9-A55365803A66}.Debug|Any CPU.ActiveCfg = Debug|Any CPU
		{24F8AE37-EB69-43F2-8BF9-A55365803A66}.Debug|Any CPU.Build.0 = Debug|Any CPU
		{24F8AE37-EB69-43F2-8BF9-A55365803A66}.Release|Any CPU.ActiveCfg = Release|Any CPU
		{24F8AE37-EB69-43F2-8BF9-A55365803A66}.Release|Any CPU.Build.0 = Release|Any CPU
		{90AA150F-33DA-4233-B2BC-61C6EA6D5CA3}.Debug|Any CPU.ActiveCfg = Debug|Any CPU
		{90AA150F-33DA-4233-B2BC-61C6EA6D5CA3}.Debug|Any CPU.Build.0 = Debug|Any CPU
		{90AA150F-33DA-4233-B2BC-61C6EA6D5CA3}.Release|Any CPU.ActiveCfg = Release|Any CPU
		{90AA150F-33DA-4233-B2BC-61C6EA6D5CA3}.Release|Any CPU.Build.0 = Release|Any CPU
		{F1D3ABA7-FFC0-4818-8776-736F14C422BD}.Debug|Any CPU.ActiveCfg = Debug|Any CPU
		{F1D3ABA7-FFC0-4818-8776-736F14C422BD}.Debug|Any CPU.Build.0 = Debug|Any CPU
		{F1D3ABA7-FFC0-4818-8776-736F14C422BD}.Release|Any CPU.ActiveCfg = Release|Any CPU
		{F1D3ABA7-FFC0-4818-8776-736F14C422BD}.Release|Any CPU.Build.0 = Release|Any CPU
		{AFD91CC8-F11F-4961-96EC-E8A6E8E5ECFB}.Debug|Any CPU.ActiveCfg = Debug|Any CPU
		{AFD91CC8-F11F-4961-96EC-E8A6E8E5ECFB}.Debug|Any CPU.Build.0 = Debug|Any CPU
		{AFD91CC8-F11F-4961-96EC-E8A6E8E5ECFB}.Release|Any CPU.ActiveCfg = Release|Any CPU
		{AFD91CC8-F11F-4961-96EC-E8A6E8E5ECFB}.Release|Any CPU.Build.0 = Release|Any CPU
		{15F43733-BC40-4199-AE35-5B84F1162407}.Debug|Any CPU.ActiveCfg = Debug|Any CPU
		{15F43733-BC40-4199-AE35-5B84F1162407}.Debug|Any CPU.Build.0 = Debug|Any CPU
		{15F43733-BC40-4199-AE35-5B84F1162407}.Release|Any CPU.ActiveCfg = Release|Any CPU
		{15F43733-BC40-4199-AE35-5B84F1162407}.Release|Any CPU.Build.0 = Release|Any CPU
		{29BAF820-5875-4CEE-A6F3-1BA034688CD8}.Debug|Any CPU.ActiveCfg = Debug|Any CPU
		{29BAF820-5875-4CEE-A6F3-1BA034688CD8}.Debug|Any CPU.Build.0 = Debug|Any CPU
		{29BAF820-5875-4CEE-A6F3-1BA034688CD8}.Release|Any CPU.ActiveCfg = Release|Any CPU
		{29BAF820-5875-4CEE-A6F3-1BA034688CD8}.Release|Any CPU.Build.0 = Release|Any CPU
		{CA75593C-E2EC-4C53-B590-2A9FA9E205BC}.Debug|Any CPU.ActiveCfg = Debug|Any CPU
		{CA75593C-E2EC-4C53-B590-2A9FA9E205BC}.Debug|Any CPU.Build.0 = Debug|Any CPU
		{CA75593C-E2EC-4C53-B590-2A9FA9E205BC}.Release|Any CPU.ActiveCfg = Release|Any CPU
		{CA75593C-E2EC-4C53-B590-2A9FA9E205BC}.Release|Any CPU.Build.0 = Release|Any CPU
		{D63DA369-587E-44BC-B54D-9E43A2DAD3A6}.Debug|Any CPU.ActiveCfg = Debug|Any CPU
		{D63DA369-587E-44BC-B54D-9E43A2DAD3A6}.Debug|Any CPU.Build.0 = Debug|Any CPU
		{D63DA369-587E-44BC-B54D-9E43A2DAD3A6}.Release|Any CPU.ActiveCfg = Release|Any CPU
		{D63DA369-587E-44BC-B54D-9E43A2DAD3A6}.Release|Any CPU.Build.0 = Release|Any CPU
		{5ED01990-30A0-4F9E-BAFD-F17633AAF384}.Debug|Any CPU.ActiveCfg = Debug|Any CPU
		{5ED01990-30A0-4F9E-BAFD-F17633AAF384}.Debug|Any CPU.Build.0 = Debug|Any CPU
		{5ED01990-30A0-4F9E-BAFD-F17633AAF384}.Release|Any CPU.ActiveCfg = Release|Any CPU
		{5ED01990-30A0-4F9E-BAFD-F17633AAF384}.Release|Any CPU.Build.0 = Release|Any CPU
		{8FB4ADA8-ACAA-4617-84A3-BC3E13818E53}.Debug|Any CPU.ActiveCfg = Debug|Any CPU
		{8FB4ADA8-ACAA-4617-84A3-BC3E13818E53}.Debug|Any CPU.Build.0 = Debug|Any CPU
		{8FB4ADA8-ACAA-4617-84A3-BC3E13818E53}.Release|Any CPU.ActiveCfg = Release|Any CPU
		{8FB4ADA8-ACAA-4617-84A3-BC3E13818E53}.Release|Any CPU.Build.0 = Release|Any CPU
		{C377DACE-1711-41D4-9C22-CA8D0213B551}.Debug|Any CPU.ActiveCfg = Debug|Any CPU
		{C377DACE-1711-41D4-9C22-CA8D0213B551}.Debug|Any CPU.Build.0 = Debug|Any CPU
		{C377DACE-1711-41D4-9C22-CA8D0213B551}.Release|Any CPU.ActiveCfg = Release|Any CPU
		{C377DACE-1711-41D4-9C22-CA8D0213B551}.Release|Any CPU.Build.0 = Release|Any CPU
	EndGlobalSection
	GlobalSection(SolutionProperties) = preSolution
		HideSolutionNode = FALSE
	EndGlobalSection
EndGlobal
